
Microsoft Visual Studio Solution File, Format Version 12.00
# Visual Studio Version 16
VisualStudioVersion = 16.0.30204.135
MinimumVisualStudioVersion = 10.0.40219.1
Project("{FAE04EC0-301F-11D3-BF4B-00C04F79EFBC}") = "FTPUpload", "FTPUpload\FTPUpload.csproj", "{70256436-24D3-4154-8BA6-33FC90C119FB}"
EndProject
Global
	GlobalSection(SolutionConfigurationPlatforms) = preSolution
		Debug|Any CPU = Debug|Any CPU
		Release|Any CPU = Release|Any CPU
	EndGlobalSection
	GlobalSection(ProjectConfigurationPlatforms) = postSolution
		{70256436-24D3-4154-8BA6-33FC90C119FB}.Debug|Any CPU.ActiveCfg = Debug|Any CPU
		{70256436-24D3-4154-8BA6-33FC90C119FB}.Debug|Any CPU.Build.0 = Debug|Any CPU
		{70256436-24D3-4154-8BA6-33FC90C119FB}.Release|Any CPU.ActiveCfg = Release|Any CPU
		{70256436-24D3-4154-8BA6-33FC90C119FB}.Release|Any CPU.Build.0 = Release|Any CPU
	EndGlobalSection
	GlobalSection(SolutionProperties) = preSolution
		HideSolutionNode = FALSE
	EndGlobalSection
	GlobalSection(ExtensibilityGlobals) = postSolution
		SolutionGuid = {23B939FD-A74A-45D4-AF0D-5BE6F2231C89}
	EndGlobalSection
EndGlobal
